{
  "lockfileVersion": 1,
  "configVersion": 1,
  "workspaces": {
    "": {
      "name": "discord",
      "dependencies": {
        "@toon-format/toon": "^2.1.0",
        "@valibot/to-json-schema": "^1.5.0",
        "argc": "github:ethan-huo/argc",
        "valibot": "^1.2.0",
      },
      "devDependencies": {
        "@types/bun": "^1.3.12",
        "@typescript/native-preview": "^7.0.0-dev.20260421.2",
        "oxfmt": "^0.46.0",
        "typescript": "npm:@typescript/typescript6@^6.0.0",
      },
    },
  },
  "packages": {
    "@oxfmt/binding-android-arm-eabi": ["@oxfmt/binding-android-arm-eabi@0.46.0", "", { "os": "android", "cpu": "arm" }, "sha512-b1doV4WRcJU+BESSlCvCjV+5CEr/T6h0frArAdV26Nir+gGNFNaylvDiiMPfF1pxeV0txZEs38ojzJaxBYg+ng=="],

    "@oxfmt/binding-android-arm64": ["@oxfmt/binding-android-arm64@0.46.0", "", { "os": "android", "cpu": "arm64" }, "sha512-v6+HhjsoV3GO0u2u9jLSAZrvWfTraDxKofUIQ7/ktS7tzS+epVsxdHmeM+XxuNcAY/nWxxU1Sg4JcGTNRXraBA=="],

    "@oxfmt/binding-darwin-arm64": ["@oxfmt/binding-darwin-arm64@0.46.0", "", { "os": "darwin", "cpu": "arm64" }, "sha512-3eeooJGrqGIlI5MyryDZsAcKXSmKIgAD4yYtfRrRJzXZ0UTFZtiSveIur56YPrGMYZwT4XyVhHsMqrNwr1XeFA=="],

    "@oxfmt/binding-darwin-x64": ["@oxfmt/binding-darwin-x64@0.46.0", "", { "os": "darwin", "cpu": "x64" }, "sha512-QG8BDM0CXWbu84k2SKmCqfEddPQPFiBicwtYnLqHRWZZl57HbtOLRMac/KTq2NO4AEc4ICCBpFxJIV9zcqYfkQ=="],

    "@oxfmt/binding-freebsd-x64": ["@oxfmt/binding-freebsd-x64@0.46.0", "", { "os": "freebsd", "cpu": "x64" }, "sha512-9DdCqS/n2ncu/Chazvt3cpgAjAmIGQDz7hFKSrNItMApyV/Ja9mz3hD4JakIE3nS8PW9smEbPWnb389QLBY4nw=="],

    "@oxfmt/binding-linux-arm-gnueabihf": ["@oxfmt/binding-linux-arm-gnueabihf@0.46.0", "", { "os": "linux", "cpu": "arm" }, "sha512-Dgs7VeE2jT0LHMhw6tPEt0xQYe54kBqHEovmWsv4FVQlegCOvlIJNx0S8n4vj8WUtpT+Z6BD2HhKJPLglLxvZg=="],

    "@oxfmt/binding-linux-arm-musleabihf": ["@oxfmt/binding-linux-arm-musleabihf@0.46.0", "", { "os": "linux", "cpu": "arm" }, "sha512-Zxn3adhTH13JKnU4xXJj8FeEfF680XjXh3gSShKl57HCMBRde2tUJTgogV/1MSHA80PJEVrDa7r66TLVq3Ia7Q=="],

    "@oxfmt/binding-linux-arm64-gnu": ["@oxfmt/binding-linux-arm64-gnu@0.46.0", "", { "os": "linux", "cpu": "arm64" }, "sha512-+TWipjrgVM8D7aIdDD0tlr3teLTTvQTn7QTE5BpT10H1Fj82gfdn9X6nn2sDgx/MepuSCfSnzFNJq2paLL0OiA=="],

    "@oxfmt/binding-linux-arm64-musl": ["@oxfmt/binding-linux-arm64-musl@0.46.0", "", { "os": "linux", "cpu": "arm64" }, "sha512-aAUPBWJ1lGwwnxZUEDLJ94+Iy6MuwJwPxUgO4sCA5mEEyDk7b+cDQ+JpX1VR150Zoyd+D49gsrUzpUK5h587Eg=="],

    "@oxfmt/binding-linux-ppc64-gnu": ["@oxfmt/binding-linux-ppc64-gnu@0.46.0", "", { "os": "linux", "cpu": "ppc64" }, "sha512-ufBCJukyFX/UDrokP/r6BGDoTInnsDs7bxyzKAgMiZlt2Qu8GPJSJ6Zm6whIiJzKk0naxA8ilwmbO1LMw6Htxw=="],

    "@oxfmt/binding-linux-riscv64-gnu": ["@oxfmt/binding-linux-riscv64-gnu@0.46.0", "", { "os": "linux", "cpu": "none" }, "sha512-eqtlC2YmPqjun76R1gVfGLuKWx7NuEnLEAudZ7n6ipSKbCZTqIKSs1b5Y8K/JHZsRpLkeSmAAjig5HOIg8fQzQ=="],

    "@oxfmt/binding-linux-riscv64-musl": ["@oxfmt/binding-linux-riscv64-musl@0.46.0", "", { "os": "linux", "cpu": "none" }, "sha512-yccVOO2nMXkQLGgy0He3EQEwKD7NF0zEk+/OWmroznkqXyJdN6bfK0LtNnr6/14Bh3FjpYq7bP33l/VloCnxpA=="],

    "@oxfmt/binding-linux-s390x-gnu": ["@oxfmt/binding-linux-s390x-gnu@0.46.0", "", { "os": "linux", "cpu": "s390x" }, "sha512-aAf7fG23OQCey6VRPj9IeCraoYtpgtx0ZyJ1CXkPyT1wjzBE7c3xtuxHe/AdHaJfVVb/SXpSk8Gl1LzyQupSqw=="],

    "@oxfmt/binding-linux-x64-gnu": ["@oxfmt/binding-linux-x64-gnu@0.46.0", "", { "os": "linux", "cpu": "x64" }, "sha512-q0JPsTMyJNjYrBvYFDz4WbVsafNZaPCZv4RnFypRotLqpKROtBZcEaXQW4eb9YmvLU3NckVemLJnzkSZSdmOxw=="],

    "@oxfmt/binding-linux-x64-musl": ["@oxfmt/binding-linux-x64-musl@0.46.0", "", { "os": "linux", "cpu": "x64" }, "sha512-7LsLY9Cw57GPkhSR+duI3mt9baRczK/DtHYSldQ4BEU92da9igBQNl4z7Vq5U9NNPsh1FmpKvv1q9WDtiUQR1A=="],

    "@oxfmt/binding-openharmony-arm64": ["@oxfmt/binding-openharmony-arm64@0.46.0", "", { "os": "none", "cpu": "arm64" }, "sha512-lHiBOz8Duaku7JtRNLlps3j++eOaICPZSd8FCVmTDM4DFOPT71Bjn7g6iar1z7StXlKRweUKxWUs4sA+zWGDXg=="],

    "@oxfmt/binding-win32-arm64-msvc": ["@oxfmt/binding-win32-arm64-msvc@0.46.0", "", { "os": "win32", "cpu": "arm64" }, "sha512-/5ktYUliP89RhgC37DBH1x20U5zPSZMy3cMEcO0j3793rbHP9MWsknBwQB6eozRzWmYrh0IFM/p20EbPvDlYlg=="],

    "@oxfmt/binding-win32-ia32-msvc": ["@oxfmt/binding-win32-ia32-msvc@0.46.0", "", { "os": "win32", "cpu": "ia32" }, "sha512-3WTnoiuIr8XvV0DIY7SN+1uJSwKf4sPpcbHfobcRT9JutGcLaef/miyBB87jxd3aqH+mS0+G5lsgHuXLUwjjpQ=="],

    "@oxfmt/binding-win32-x64-msvc": ["@oxfmt/binding-win32-x64-msvc@0.46.0", "", { "os": "win32", "cpu": "x64" }, "sha512-IXxiQpkYnOwNfP23vzwSfhdpxJzyiPTY7eTn6dn3DsriKddESzM8i6kfq9R7CD/PUJwCvQT22NgtygBeug3KoA=="],

    "@standard-schema/spec": ["@standard-schema/spec@1.1.0", "", {}, "sha512-l2aFy5jALhniG5HgqrD6jXLi/rUWrKvqN/qJx6yoJsgKhblVd+iqqU4RCXavm/jPityDo5TCvKMnpjKnOriy0w=="],

    "@toon-format/toon": ["@toon-format/toon@2.1.0", "", {}, "sha512-JwWptdF5eOA0HaQxbKAzkpQtR4wSWTEfDlEy/y3/4okmOAX1qwnpLZMmtEWr+ncAhTTY1raCKH0kteHhSXnQqg=="],

    "@types/bun": ["@types/bun@1.3.12", "", { "dependencies": { "bun-types": "1.3.12" } }, "sha512-DBv81elK+/VSwXHDlnH3Qduw+KxkTIWi7TXkAeh24zpi5l0B2kUg9Ga3tb4nJaPcOFswflgi/yAvMVBPrxMB+A=="],

    "@types/node": ["@types/node@25.5.2", "", { "dependencies": { "undici-types": "~7.18.0" } }, "sha512-tO4ZIRKNC+MDWV4qKVZe3Ql/woTnmHDr5JD8UI5hn2pwBrHEwOEMZK7WlNb5RKB6EoJ02gwmQS9OrjuFnZYdpg=="],

    "@typescript/native-preview": ["@typescript/native-preview@7.0.0-dev.20260421.2", "", { "optionalDependencies": { "@typescript/native-preview-darwin-arm64": "7.0.0-dev.20260421.2", "@typescript/native-preview-darwin-x64": "7.0.0-dev.20260421.2", "@typescript/native-preview-linux-arm": "7.0.0-dev.20260421.2", "@typescript/native-preview-linux-arm64": "7.0.0-dev.20260421.2", "@typescript/native-preview-linux-x64": "7.0.0-dev.20260421.2", "@typescript/native-preview-win32-arm64": "7.0.0-dev.20260421.2", "@typescript/native-preview-win32-x64": "7.0.0-dev.20260421.2" }, "bin": { "tsgo": "bin/tsgo.js" } }, "sha512-CmajHI25HpVWE9R1XFoxr+cphJPxoYD3eFioQtAvXYkMFKnLdICMS9pXre9Pybizb75ejRxjKD5/CVG055rEIg=="],

    "@typescript/native-preview-darwin-arm64": ["@typescript/native-preview-darwin-arm64@7.0.0-dev.20260421.2", "", { "os": "darwin", "cpu": "arm64" }, "sha512-fHv1r3ZmVo6zxuAIFmuX3w9QxbcauoG0SsWhmDwm6VmRubLlOJIcmTtlmV3JAb9oOnq8LuzZljzT7Q39fSMQDw=="],

    "@typescript/native-preview-darwin-x64": ["@typescript/native-preview-darwin-x64@7.0.0-dev.20260421.2", "", { "os": "darwin", "cpu": "x64" }, "sha512-KWTR6xbW9t+JS7D5DQIzo75pqVXVWUxF9PMv/+S6xsnOjCVd6g0ixHcFpFMJMKSUQpGPr8Z5f7b8ks6LHW01jg=="],

    "@typescript/native-preview-linux-arm": ["@typescript/native-preview-linux-arm@7.0.0-dev.20260421.2", "", { "os": "linux", "cpu": "arm" }, "sha512-BWLQO3nemLDSV5PoE5GPHe1dU9Dth77Kv8/cle9Ujcp4LhPo0KincdPqFH/qKeU/xvW25mgFueflZ1nc4rKuww=="],

    "@typescript/native-preview-linux-arm64": ["@typescript/native-preview-linux-arm64@7.0.0-dev.20260421.2", "", { "os": "linux", "cpu": "arm64" }, "sha512-VLMEuml3BhUb+jaL0TXQ4xvVODxJF+RhkI+tBWvlynsJI4khTXEiwWh+wPOJrsfBRYFRMXEu28Odl/HXkYze8w=="],

    "@typescript/native-preview-linux-x64": ["@typescript/native-preview-linux-x64@7.0.0-dev.20260421.2", "", { "os": "linux", "cpu": "x64" }, "sha512-qUrJWTB5/wv4wnRG0TRXElAxc2kykNiRNyEIEqBbLmzDlrcvAW7RRy8MXoY1ZyTiKGMu14itZ3x9oW6+blFpRw=="],

    "@typescript/native-preview-win32-arm64": ["@typescript/native-preview-win32-arm64@7.0.0-dev.20260421.2", "", { "os": "win32", "cpu": "arm64" }, "sha512-Rc6NsWlZmCs5YUKVzKgwoBOoRUGsPzct4BDMRX0csD1devLBBc4AbUXWKsJRbpwIAnqMO1ld4sNHEb+wXgfNHQ=="],

    "@typescript/native-preview-win32-x64": ["@typescript/native-preview-win32-x64@7.0.0-dev.20260421.2", "", { "os": "win32", "cpu": "x64" }, "sha512-GQv1+dya1t6EqF2Cpsb+xoozovdX10JUSf6Kl/8xNkTapzmlHd+uMr+8ku3jIASTxoRGn0Mklgjj3MDKrOTuLg=="],

    "@valibot/to-json-schema": ["@valibot/to-json-schema@1.6.0", "", { "peerDependencies": { "valibot": "^1.3.0" } }, "sha512-d6rYyK5KVa2XdqamWgZ4/Nr+cXhxjy7lmpe6Iajw15J/jmU+gyxl2IEd1Otg1d7Rl3gOQL5reulnSypzBtYy1A=="],

    "argc": ["argc@github:ethan-huo/argc#2fcdf96", { "peerDependencies": { "@standard-schema/spec": "^1.0.0" } }, "ethan-huo-argc-2fcdf96", "sha512-BoOPZfa0WNTUaA2JyNVB/qfVVYsO7gshBv/V95c0e2XoNRcq5HV42ZyDUBNnn0AdpEkRaiulMORMsXw6Dzcqjw=="],

    "bun-types": ["bun-types@1.3.12", "", { "dependencies": { "@types/node": "*" } }, "sha512-HqOLj5PoFajAQciOMRiIZGNoKxDJSr6qigAttOX40vJuSp6DN/CxWp9s3C1Xwm4oH7ybueITwiaOcWXoYVoRkA=="],

    "oxfmt": ["oxfmt@0.46.0", "", { "dependencies": { "tinypool": "2.1.0" }, "optionalDependencies": { "@oxfmt/binding-android-arm-eabi": "0.46.0", "@oxfmt/binding-android-arm64": "0.46.0", "@oxfmt/binding-darwin-arm64": "0.46.0", "@oxfmt/binding-darwin-x64": "0.46.0", "@oxfmt/binding-freebsd-x64": "0.46.0", "@oxfmt/binding-linux-arm-gnueabihf": "0.46.0", "@oxfmt/binding-linux-arm-musleabihf": "0.46.0", "@oxfmt/binding-linux-arm64-gnu": "0.46.0", "@oxfmt/binding-linux-arm64-musl": "0.46.0", "@oxfmt/binding-linux-ppc64-gnu": "0.46.0", "@oxfmt/binding-linux-riscv64-gnu": "0.46.0", "@oxfmt/binding-linux-riscv64-musl": "0.46.0", "@oxfmt/binding-linux-s390x-gnu": "0.46.0", "@oxfmt/binding-linux-x64-gnu": "0.46.0", "@oxfmt/binding-linux-x64-musl": "0.46.0", "@oxfmt/binding-openharmony-arm64": "0.46.0", "@oxfmt/binding-win32-arm64-msvc": "0.46.0", "@oxfmt/binding-win32-ia32-msvc": "0.46.0", "@oxfmt/binding-win32-x64-msvc": "0.46.0" }, "bin": { "oxfmt": "bin/oxfmt" } }, "sha512-CopwJOwPAjZ9p76fCvz+mSOJTw9/NY3cSksZK3VO/bUQ8UoEcketNgUuYS0UB3p+R9XnXe7wGGXUmyFxc7QxJA=="],

    "tinypool": ["tinypool@2.1.0", "", {}, "sha512-Pugqs6M0m7Lv1I7FtxN4aoyToKg1C4tu+/381vH35y8oENM/Ai7f7C4StcoK4/+BSw9ebcS8jRiVrORFKCALLw=="],

    "typescript": ["@typescript/typescript6@6.0.0", "", { "dependencies": { "typescript": "^6" }, "bin": { "tsc6": "bin/tsc6" } }, "sha512-lPkLZmYG9nNF0Y07ET9arSHw+EWy2TsXZ12SsiV/1SeI1/AzeAhkMzEmR729ExtaBvYEA87C3ga9YB8NE0AbFA=="],

    "undici-types": ["undici-types@7.18.2", "", {}, "sha512-AsuCzffGHJybSaRrmr5eHr81mwJU3kjw6M+uprWvCXiNeN9SOGwQ3Jn8jb8m3Z6izVgknn1R0FTCEAP2QrLY/w=="],

    "valibot": ["valibot@1.3.1", "", { "peerDependencies": { "typescript": ">=5" }, "optionalPeers": ["typescript"] }, "sha512-sfdRir/QFM0JaF22hqTroPc5xy4DimuGQVKFrzF1YfGwaS1nJot3Y8VqMdLO2Lg27fMzat2yD3pY5PbAYO39Gg=="],
  }
}
